PODS:
  - Capacitor (5.5.0):
    - CapacitorCordova
  - CapacitorCordova (5.5.0)
  - CapacitorIosEnableScrollBounce (0.0.1):
    - Capacitor

DEPENDENCIES:
  - "Capacitor (from `../../node_modules/@capacitor/ios`)"
  - "CapacitorCordova (from `../../node_modules/@capacitor/ios`)"
  - CapacitorIosEnableScrollBounce (from `../../node_modules/capacitor-ios-enable-scroll-bounce`)

EXTERNAL SOURCES:
  Capacitor:
    :path: "../../node_modules/@capacitor/ios"
  CapacitorCordova:
    :path: "../../node_modules/@capacitor/ios"
  CapacitorIosEnableScrollBounce:
    :path: "../../node_modules/capacitor-ios-enable-scroll-bounce"

SPEC CHECKSUMS:
  Capacitor: 57890b363df14d5d2d5d8461aa23e886cb34da2a
  CapacitorCordova: 3d3908a3d208a11a75f9df3b18c4405c4de76e1d
  CapacitorIosEnableScrollBounce: 5662e3f897977a2a6c3a8ab7777118aabbec0057

PODFILE CHECKSUM: aa0d29c4e108946b90d70cdf35049dff08cdbe24

COCOAPODS: 1.15.2
